
Microsoft Visual Studio Solution File, Format Version 12.00
# Visual Studio 11
Project("{FAE04EC0-301F-11D3-BF4B-00C04F79EFBC}") = "converter", "converter.csproj", "{081066CC-0186-473F-8801-8671D49875CB}"
EndProject
Global
	GlobalSection(SolutionConfigurationPlatforms) = preSolution
		Debug|Any CPU = Debug|Any CPU
		Release|Any CPU = Release|Any CPU
	EndGlobalSection
	GlobalSection(ProjectConfigurationPlatforms) = postSolution
		{081066CC-0186-473F-8801-8671D49875CB}.Debug|Any CPU.ActiveCfg = Debug|Any CPU
		{081066CC-0186-473F-8801-8671D49875CB}.Debug|Any CPU.Build.0 = Debug|Any CPU
		{081066CC-0186-473F-8801-8671D49875CB}.Release|Any CPU.ActiveCfg = Release|Any CPU
		{081066CC-0186-473F-8801-8671D49875CB}.Release|Any CPU.Build.0 = Release|Any CPU
	EndGlobalSection
	GlobalSection(SolutionProperties) = preSolution
		HideSolutionNode = FALSE
	EndGlobalSection
EndGlobal
